
Microsoft Visual Studio Solution File, Format Version 12.00
# Visual Studio 2012
Project("{FAE04EC0-301F-11D3-BF4B-00C04F79EFBC}") = "ZYSK.DZPT.UI", "Code\ZYSK.DZPT.UI\ZYSK.DZPT.UI.csproj", "{27D6F6A7-FC31-4396-8CC1-DF8FEB53E62E}"
EndProject
Project("{FAE04EC0-301F-11D3-BF4B-00C04F79EFBC}") = "ZYSK.DZPT.Base", "Code\ZYSK.DZPT.Base\ZYSK.DZPT.Base.csproj", "{30E2A06C-D729-4717-8A81-231A06505AA6}"
EndProject
Project("{FAE04EC0-301F-11D3-BF4B-00C04F79EFBC}") = "ZYSK.DZPT.App", "Code\ZYSK.DZPT.App\ZYSK.DZPT.App.csproj", "{C7721C70-FD51-4726-AF91-F2FAAFEC8923}"
EndProject
Project("{FAE04EC0-301F-11D3-BF4B-00C04F79EFBC}") = "ZYSK.DZPT.QueryUI", "Code\ZYSK.DZPT.QueryUI\ZYSK.DZPT.QueryUI.csproj", "{1954BAB5-8D35-4E5B-AE3C-EC9380EE81F7}"
EndProject
Project("{FAE04EC0-301F-11D3-BF4B-00C04F79EFBC}") = "ZYSK.DZPT.Query", "Code\ZYSK.DZPT.Query\ZYSK.DZPT.Query.csproj", "{87CADD62-353F-4BCA-98BF-1481135CEA3B}"
EndProject
Project("{FAE04EC0-301F-11D3-BF4B-00C04F79EFBC}") = "ZYSK.DZPT.Utility", "Code\ZYSK.DZPT.Utility\ZYSK.DZPT.Utility.csproj", "{23D5175D-F348-4ED3-B5AB-ED6341C7DF46}"
EndProject
Global
	GlobalSection(SolutionConfigurationPlatforms) = preSolution
		Debug|Any CPU = Debug|Any CPU
		Debug|x86 = Debug|x86
		Release|Any CPU = Release|Any CPU
		Release|x86 = Release|x86
	EndGlobalSection
	GlobalSection(ProjectConfigurationPlatforms) = postSolution
		{27D6F6A7-FC31-4396-8CC1-DF8FEB53E62E}.Debug|Any CPU.ActiveCfg = Debug|Any CPU
		{27D6F6A7-FC31-4396-8CC1-DF8FEB53E62E}.Debug|Any CPU.Build.0 = Debug|Any CPU
		{27D6F6A7-FC31-4396-8CC1-DF8FEB53E62E}.Debug|x86.ActiveCfg = Debug|x86
		{27D6F6A7-FC31-4396-8CC1-DF8FEB53E62E}.Debug|x86.Build.0 = Debug|x86
		{27D6F6A7-FC31-4396-8CC1-DF8FEB53E62E}.Release|Any CPU.ActiveCfg = Release|Any CPU
		{27D6F6A7-FC31-4396-8CC1-DF8FEB53E62E}.Release|Any CPU.Build.0 = Release|Any CPU
		{27D6F6A7-FC31-4396-8CC1-DF8FEB53E62E}.Release|x86.ActiveCfg = Release|x86
		{27D6F6A7-FC31-4396-8CC1-DF8FEB53E62E}.Release|x86.Build.0 = Release|x86
		{30E2A06C-D729-4717-8A81-231A06505AA6}.Debug|Any CPU.ActiveCfg = Debug|Any CPU
		{30E2A06C-D729-4717-8A81-231A06505AA6}.Debug|Any CPU.Build.0 = Debug|Any CPU
		{30E2A06C-D729-4717-8A81-231A06505AA6}.Debug|x86.ActiveCfg = Debug|x86
		{30E2A06C-D729-4717-8A81-231A06505AA6}.Debug|x86.Build.0 = Debug|x86
		{30E2A06C-D729-4717-8A81-231A06505AA6}.Release|Any CPU.ActiveCfg = Release|Any CPU
		{30E2A06C-D729-4717-8A81-231A06505AA6}.Release|Any CPU.Build.0 = Release|Any CPU
		{30E2A06C-D729-4717-8A81-231A06505AA6}.Release|x86.ActiveCfg = Release|Any CPU
		{30E2A06C-D729-4717-8A81-231A06505AA6}.Release|x86.Build.0 = Release|Any CPU
		{C7721C70-FD51-4726-AF91-F2FAAFEC8923}.Debug|Any CPU.ActiveCfg = Debug|Any CPU
		{C7721C70-FD51-4726-AF91-F2FAAFEC8923}.Debug|Any CPU.Build.0 = Debug|Any CPU
		{C7721C70-FD51-4726-AF91-F2FAAFEC8923}.Debug|x86.ActiveCfg = Debug|x86
		{C7721C70-FD51-4726-AF91-F2FAAFEC8923}.Debug|x86.Build.0 = Debug|x86
		{C7721C70-FD51-4726-AF91-F2FAAFEC8923}.Release|Any CPU.ActiveCfg = Release|Any CPU
		{C7721C70-FD51-4726-AF91-F2FAAFEC8923}.Release|Any CPU.Build.0 = Release|Any CPU
		{C7721C70-FD51-4726-AF91-F2FAAFEC8923}.Release|x86.ActiveCfg = Release|Any CPU
		{C7721C70-FD51-4726-AF91-F2FAAFEC8923}.Release|x86.Build.0 = Release|Any CPU
		{1954BAB5-8D35-4E5B-AE3C-EC9380EE81F7}.Debug|Any CPU.ActiveCfg = Debug|Any CPU
		{1954BAB5-8D35-4E5B-AE3C-EC9380EE81F7}.Debug|Any CPU.Build.0 = Debug|Any CPU
		{1954BAB5-8D35-4E5B-AE3C-EC9380EE81F7}.Debug|x86.ActiveCfg = Debug|x86
		{1954BAB5-8D35-4E5B-AE3C-EC9380EE81F7}.Debug|x86.Build.0 = Debug|x86
		{1954BAB5-8D35-4E5B-AE3C-EC9380EE81F7}.Release|Any CPU.ActiveCfg = Release|Any CPU
		{1954BAB5-8D35-4E5B-AE3C-EC9380EE81F7}.Release|Any CPU.Build.0 = Release|Any CPU
		{1954BAB5-8D35-4E5B-AE3C-EC9380EE81F7}.Release|x86.ActiveCfg = Release|Any CPU
		{1954BAB5-8D35-4E5B-AE3C-EC9380EE81F7}.Release|x86.Build.0 = Release|Any CPU
		{87CADD62-353F-4BCA-98BF-1481135CEA3B}.Debug|Any CPU.ActiveCfg = Debug|Any CPU
		{87CADD62-353F-4BCA-98BF-1481135CEA3B}.Debug|Any CPU.Build.0 = Debug|Any CPU
		{87CADD62-353F-4BCA-98BF-1481135CEA3B}.Debug|x86.ActiveCfg = Debug|x86
		{87CADD62-353F-4BCA-98BF-1481135CEA3B}.Debug|x86.Build.0 = Debug|x86
		{87CADD62-353F-4BCA-98BF-1481135CEA3B}.Release|Any CPU.ActiveCfg = Release|Any CPU
		{87CADD62-353F-4BCA-98BF-1481135CEA3B}.Release|Any CPU.Build.0 = Release|Any CPU
		{87CADD62-353F-4BCA-98BF-1481135CEA3B}.Release|x86.ActiveCfg = Release|Any CPU
		{87CADD62-353F-4BCA-98BF-1481135CEA3B}.Release|x86.Build.0 = Release|Any CPU
		{23D5175D-F348-4ED3-B5AB-ED6341C7DF46}.Debug|Any CPU.ActiveCfg = Debug|Any CPU
		{23D5175D-F348-4ED3-B5AB-ED6341C7DF46}.Debug|Any CPU.Build.0 = Debug|Any CPU
		{23D5175D-F348-4ED3-B5AB-ED6341C7DF46}.Debug|x86.ActiveCfg = Debug|x86
		{23D5175D-F348-4ED3-B5AB-ED6341C7DF46}.Debug|x86.Build.0 = Debug|x86
		{23D5175D-F348-4ED3-B5AB-ED6341C7DF46}.Release|Any CPU.ActiveCfg = Release|Any CPU
		{23D5175D-F348-4ED3-B5AB-ED6341C7DF46}.Release|Any CPU.Build.0 = Release|Any CPU
		{23D5175D-F348-4ED3-B5AB-ED6341C7DF46}.Release|x86.ActiveCfg = Release|Any CPU
		{23D5175D-F348-4ED3-B5AB-ED6341C7DF46}.Release|x86.Build.0 = Release|Any CPU
	EndGlobalSection
	GlobalSection(SolutionProperties) = preSolution
		HideSolutionNode = FALSE
	EndGlobalSection
EndGlobal
